
Microsoft Visual Studio Solution File, Format Version 12.00
# Visual Studio 14
VisualStudioVersion = 14.0.25420.1
MinimumVisualStudioVersion = 10.0.40219.1
Project("{FAE04EC0-301F-11D3-BF4B-00C04F79EFBC}") = "WebAPI", "WebAPI\WebAPI.csproj", "{5ABE8AA0-21AC-4BF4-BA77-AF8E6E49D903}"
EndProject
Project("{FAE04EC0-301F-11D3-BF4B-00C04F79EFBC}") = "WebAPI.Tests", "WebAPI.Tests\WebAPI.Tests.csproj", "{86E5DD6C-5DD1-4890-B314-A062D8E2DDCD}"
EndProject
Global
	GlobalSection(SolutionConfigurationPlatforms) = preSolution
		Debug|Any CPU = Debug|Any CPU
		Release|Any CPU = Release|Any CPU
	EndGlobalSection
	GlobalSection(ProjectConfigurationPlatforms) = postSolution
		{5ABE8AA0-21AC-4BF4-BA77-AF8E6E49D903}.Debug|Any CPU.ActiveCfg = Debug|Any CPU
		{5ABE8AA0-21AC-4BF4-BA77-AF8E6E49D903}.Debug|Any CPU.Build.0 = Debug|Any CPU
		{5ABE8AA0-21AC-4BF4-BA77-AF8E6E49D903}.Release|Any CPU.ActiveCfg = Release|Any CPU
		{5ABE8AA0-21AC-4BF4-BA77-AF8E6E49D903}.Release|Any CPU.Build.0 = Release|Any CPU
		{86E5DD6C-5DD1-4890-B314-A062D8E2DDCD}.Debug|Any CPU.ActiveCfg = Debug|Any CPU
		{86E5DD6C-5DD1-4890-B314-A062D8E2DDCD}.Debug|Any CPU.Build.0 = Debug|Any CPU
		{86E5DD6C-5DD1-4890-B314-A062D8E2DDCD}.Release|Any CPU.ActiveCfg = Release|Any CPU
		{86E5DD6C-5DD1-4890-B314-A062D8E2DDCD}.Release|Any CPU.Build.0 = Release|Any CPU
	EndGlobalSection
	GlobalSection(SolutionProperties) = preSolution
		HideSolutionNode = FALSE
	EndGlobalSection
EndGlobal
